// !$*UTF8*$!
{
	archiveVersion = 1;
	classes = {
	};
	objectVersion = 50;
	objects = {

/* Begin PBXBuildFile section */
		180B288F216C90FB00D059C4 /* AppDelegate.swift in Sources */ = {isa = PBXBuildFile; fileRef = 180B288E216C90FB00D059C4 /* AppDelegate.swift */; };
		180B2891216C90FB00D059C4 /* ViewController.swift in Sources */ = {isa = PBXBuildFile; fileRef = 180B2890216C90FB00D059C4 /* ViewController.swift */; };
		180B2894216C90FB00D059C4 /* Main.storyboard in Resources */ = {isa = PBXBuildFile; fileRef = 180B2892216C90FB00D059C4 /* Main.storyboard */; };
		180B2897216C90FB00D059C4 /* ToDoListCoreData.xcdatamodeld in Sources */ = {isa = PBXBuildFile; fileRef = 180B2895216C90FB00D059C4 /* ToDoListCoreData.xcdatamodeld */; };
		180B2899216C90FC00D059C4 /* Assets.xcassets in Resources */ = {isa = PBXBuildFile; fileRef = 180B2898216C90FC00D059C4 /* Assets.xcassets */; };
		180B289C216C90FC00D059C4 /* LaunchScreen.storyboard in Resources */ = {isa = PBXBuildFile; fileRef = 180B289A216C90FC00D059C4 /* LaunchScreen.storyboard */; };
		180B28A4216C91D700D059C4 /* ToDoListTableViewCell.swift in Sources */ = {isa = PBXBuildFile; fileRef = 180B28A3216C91D700D059C4 /* ToDoListTableViewCell.swift */; };
		18408A44216E0998004BC4C5 /* categoryViewController.swift in Sources */ = {isa = PBXBuildFile; fileRef = 18408A43216E0998004BC4C5 /* categoryViewController.swift */; };
/* End PBXBuildFile section */

/* Begin PBXFileReference section */
		180B288B216C90FB00D059C4 /* ToDoListCoreData.app */ = {isa = PBXFileReference; explicitFileType = wrapper.application; includeInIndex = 0; path = ToDoListCoreData.app; sourceTree = BUILT_PRODUCTS_DIR; };
		180B288E216C90FB00D059C4 /* AppDelegate.swift */ = {isa = PBXFileReference; lastKnownFileType = sourcecode.swift; path = AppDelegate.swift; sourceTree = "<group>"; };
		180B2890216C90FB00D059C4 /* ViewController.swift */ = {isa = PBXFileReference; lastKnownFileType = sourcecode.swift; path = ViewController.swift; sourceTree = "<group>"; };
		180B2893216C90FB00D059C4 /* Base */ = {isa = PBXFileReference; lastKnownFileType = file.storyboard; name = Base; path = Base.lproj/Main.storyboard; sourceTree = "<group>"; };
		180B2896216C90FB00D059C4 /* ToDoListCoreData.xcdatamodel */ = {isa = PBXFileReference; lastKnownFileType = wrapper.xcdatamodel; path = ToDoListCoreData.xcdatamodel; sourceTree = "<group>"; };
		180B2898216C90FC00D059C4 /* Assets.xcassets */ = {isa = PBXFileReference; lastKnownFileType = folder.assetcatalog; path = Assets.xcassets; sourceTree = "<group>"; };
		180B289B216C90FC00D059C4 /* Base */ = {isa = PBXFileReference; lastKnownFileType = file.storyboard; name = Base; path = Base.lproj/LaunchScreen.storyboard; sourceTree = "<group>"; };
		180B289D216C90FC00D059C4 /* Info.plist */ = {isa = PBXFileReference; lastKnownFileType = text.plist.xml; path = Info.plist; sourceTree = "<group>"; };
		180B28A3216C91D700D059C4 /* ToDoListTableViewCell.swift */ = {isa = PBXFileReference; lastKnownFileType = sourcecode.swift; path = ToDoListTableViewCell.swift; sourceTree = "<group>"; };
		18408A43216E0998004BC4C5 /* categoryViewController.swift */ = {isa = PBXFileReference; lastKnownFileType = sourcecode.swift; name = categoryViewController.swift; path = ToDoListCoreData/Controller/categoryViewController.swift; sourceTree = SOURCE_ROOT; };
/* End PBXFileReference section */

/* Begin PBXFrameworksBuildPhase section */
		180B2888216C90FB00D059C4 /* Frameworks */ = {
			isa = PBXFrameworksBuildPhase;
			buildActionMask = 2147483647;
			files = (
			);
			runOnlyForDeploymentPostprocessing = 0;
		};
/* End PBXFrameworksBuildPhase section */

/* Begin PBXGroup section */
		180B2882216C90FB00D059C4 = {
			isa = PBXGroup;
			children = (
				180B288D216C90FB00D059C4 /* ToDoListCoreData */,
				180B288C216C90FB00D059C4 /* Products */,
			);
			sourceTree = "<group>";
		};
		180B288C216C90FB00D059C4 /* Products */ = {
			isa = PBXGroup;
			children = (
				180B288B216C90FB00D059C4 /* ToDoListCoreData.app */,
			);
			name = Products;
			sourceTree = "<group>";
		};
		180B288D216C90FB00D059C4 /* ToDoListCoreData */ = {
			isa = PBXGroup;
			children = (
				180B288E216C90FB00D059C4 /* AppDelegate.swift */,
				18408A42216DF1C3004BC4C5 /* Model (Data) */,
				18408A41216DF1AD004BC4C5 /* Views */,
				18408A40216DF19F004BC4C5 /* Controller */,
				180B2898216C90FC00D059C4 /* Assets.xcassets */,
				180B289D216C90FC00D059C4 /* Info.plist */,
			);
			path = ToDoListCoreData;
			sourceTree = "<group>";
		};
		18408A40216DF19F004BC4C5 /* Controller */ = {
			isa = PBXGroup;
			children = (
				18408A43216E0998004BC4C5 /* categoryViewController.swift */,
				180B2890216C90FB00D059C4 /* ViewController.swift */,
				180B28A3216C91D700D059C4 /* ToDoListTableViewCell.swift */,
			);
			path = Controller;
			sourceTree = "<group>";
		};
		18408A41216DF1AD004BC4C5 /* Views */ = {
			isa = PBXGroup;
			children = (
				180B2892216C90FB00D059C4 /* Main.storyboard */,
				180B289A216C90FC00D059C4 /* LaunchScreen.storyboard */,
			);
			path = Views;
			sourceTree = "<group>";
		};
		18408A42216DF1C3004BC4C5 /* Model (Data) */ = {
			isa = PBXGroup;
			children = (
				180B2895216C90FB00D059C4 /* ToDoListCoreData.xcdatamodeld */,
			);
			path = "Model (Data)";
			sourceTree = "<group>";
		};
/* End PBXGroup section */

/* Begin PBXNativeTarget section */
		180B288A216C90FB00D059C4 /* ToDoListCoreData */ = {
			isa = PBXNativeTarget;
			buildConfigurationList = 180B28A0216C90FC00D059C4 /* Build configuration list for PBXNativeTarget "ToDoListCoreData" */;
			buildPhases = (
				180B2887216C90FB00D059C4 /* Sources */,
				180B2888216C90FB00D059C4 /* Frameworks */,
				180B2889216C90FB00D059C4 /* Resources */,
			);
			buildRules = (
			);
			dependencies = (
			);
			name = ToDoListCoreData;
			productName = ToDoListCoreData;
			productReference = 180B288B216C90FB00D059C4 /* ToDoListCoreData.app */;
			productType = "com.apple.product-type.application";
		};
/* End PBXNativeTarget section */

/* Begin PBXProject section */
		180B2883216C90FB00D059C4 /* Project object */ = {
			isa = PBXProject;
			attributes = {
				LastSwiftUpdateCheck = 1000;
				LastUpgradeCheck = 1000;
				ORGANIZATIONNAME = "Gokhan Gokova";
				TargetAttributes = {
					180B288A216C90FB00D059C4 = {
						CreatedOnToolsVersion = 10.0;
					};
				};
			};
			buildConfigurationList = 180B2886216C90FB00D059C4 /* Build configuration list for PBXProject "ToDoListCoreData" */;
			compatibilityVersion = "Xcode 9.3";
			developmentRegion = en;
			hasScannedForEncodings = 0;
			knownRegions = (
				en,
				Base,
			);
			mainGroup = 180B2882216C90FB00D059C4;
			productRefGroup = 180B288C216C90FB00D059C4 /* Products */;
			projectDirPath = "";
			projectRoot = "";
			targets = (
				180B288A216C90FB00D059C4 /* ToDoListCoreData */,
			);
		};
/* End PBXProject section */

/* Begin PBXResourcesBuildPhase section */
		180B2889216C90FB00D059C4 /* Resources */ = {
			isa = PBXResourcesBuildPhase;
			buildActionMask = 2147483647;
			files = (
				180B289C216C90FC00D059C4 /* LaunchScreen.storyboard in Resources */,
				180B2899216C90FC00D059C4 /* Assets.xcassets in Resources */,
				180B2894216C90FB00D059C4 /* Main.storyboard in Resources */,
			);
			runOnlyForDeploymentPostprocessing = 0;
		};
/* End PBXResourcesBuildPhase section */

/* Begin PBXSourcesBuildPhase section */
		180B2887216C90FB00D059C4 /* Sources */ = {
			isa = PBXSourcesBuildPhase;
			buildActionMask = 2147483647;
			files = (
				180B2891216C90FB00D059C4 /* ViewController.swift in Sources */,
				180B288F216C90FB00D059C4 /* AppDelegate.swift in Sources */,
				18408A44216E0998004BC4C5 /* categoryViewController.swift in Sources */,
				180B2897216C90FB00D059C4 /* ToDoListCoreData.xcdatamodeld in Sources */,
				180B28A4216C91D700D059C4 /* ToDoListTableViewCell.swift in Sources */,
			);
			runOnlyForDeploymentPostprocessing = 0;
		};
/* End PBXSourcesBuildPhase section */

/* Begin PBXVariantGroup section */
		180B2892216C90FB00D059C4 /* Main.storyboard */ = {
			isa = PBXVariantGroup;
			children = (
				180B2893216C90FB00D059C4 /* Base */,
			);
			name = Main.storyboard;
			sourceTree = "<group>";
		};
		180B289A216C90FC00D059C4 /* LaunchScreen.storyboard */ = {
			isa = PBXVariantGroup;
			children = (
				180B289B216C90FC00D059C4 /* Base */,
			);
			name = LaunchScreen.storyboard;
			sourceTree = "<group>";
		};
/* End PBXVariantGroup section */

/* Begin XCBuildConfiguration section */
		180B289E216C90FC00D059C4 /* Debug */ = {
			isa = XCBuildConfiguration;
			buildSettings = {
				ALWAYS_SEARCH_USER_PATHS = NO;
				CLANG_ANALYZER_NONNULL = YES;
				CLANG_ANALYZER_NUMBER_OBJECT_CONVERSION = YES_AGGRESSIVE;
				CLANG_CXX_LANGUAGE_STANDARD = "gnu++14";
				CLANG_CXX_LIBRARY = "libc++";
				CLANG_ENABLE_MODULES = YES;
				CLANG_ENABLE_OBJC_ARC = YES;
				CLANG_ENABLE_OBJC_WEAK = YES;
				CLANG_WARN_BLOCK_CAPTURE_AUTORELEASING = YES;
				CLANG_WARN_BOOL_CONVERSION = YES;
				CLANG_WARN_COMMA = YES;
				CLANG_WARN_CONSTANT_CONVERSION = YES;
				CLANG_WARN_DEPRECATED_OBJC_IMPLEMENTATIONS = YES;
				CLANG_WARN_DIRECT_OBJC_ISA_USAGE = YES_ERROR;
				CLANG_WARN_DOCUMENTATION_COMMENTS = YES;
				CLANG_WARN_EMPTY_BODY = YES;
				CLANG_WARN_ENUM_CONVERSION = YES;
				CLANG_WARN_INFINITE_RECURSION = YES;
				CLANG_WARN_INT_CONVERSION = YES;
				CLANG_WARN_NON_LITERAL_NULL_CONVERSION = YES;
				CLANG_WARN_OBJC_IMPLICIT_RETAIN_SELF = YES;
				CLANG_WARN_OBJC_LITERAL_CONVERSION = YES;
				CLANG_WARN_OBJC_ROOT_CLASS = YES_ERROR;
				CLANG_WARN_RANGE_LOOP_ANALYSIS = YES;
				CLANG_WARN_STRICT_PROTOTYPES = YES;
				CLANG_WARN_SUSPICIOUS_MOVE = YES;
				CLANG_WARN_UNGUARDED_AVAILABILITY = YES_AGGRESSIVE;
				CLANG_WARN_UNREACHABLE_CODE = YES;
				CLANG_WARN__DUPLICATE_METHOD_MATCH = YES;
				CODE_SIGN_IDENTITY = "iPhone Developer";
				COPY_PHASE_STRIP = NO;
				DEBUG_INFORMATION_FORMAT = dwarf;
				ENABLE_STRICT_OBJC_MSGSEND = YES;
				ENABLE_TESTABILITY = YES;
				GCC_C_LANGUAGE_STANDARD = gnu11;
				GCC_DYNAMIC_NO_PIC = NO;
				GCC_NO_COMMON_BLOCKS = YES;
				GCC_OPTIMIZATION_LEVEL = 0;
				GCC_PREPROCESSOR_DEFINITIONS = (
					"DEBUG=1",
					"$(inherited)",
				);
				GCC_WARN_64_TO_32_BIT_CONVERSION = YES;
				GCC_WARN_ABOUT_RETURN_TYPE = YES_ERROR;
				GCC_WARN_UNDECLARED_SELECTOR = YES;
				GCC_WARN_UNINITIALIZED_AUTOS = YES_AGGRESSIVE;
				GCC_WARN_UNUSED_FUNCTION = YES;
				GCC_WARN_UNUSED_VARIABLE = YES;
				IPHONEOS_DEPLOYMENT_TARGET = 12.0;
				MTL_ENABLE_DEBUG_INFO = INCLUDE_SOURCE;
				MTL_FAST_MATH = YES;
				ONLY_ACTIVE_ARCH = YES;
				SDKROOT = iphoneos;
				SWIFT_ACTIVE_COMPILATION_CONDITIONS = DEBUG;
				SWIFT_OPTIMIZATION_LEVEL = "-Onone";
			};
			name = Debug;
		};
		180B289F216C90FC00D059C4 /* Release */ = {
			isa = XCBuildConfiguration;
			buildSettings = {
				ALWAYS_SEARCH_USER_PATHS = NO;
				CLANG_ANALYZER_NONNULL = YES;
				CLANG_ANALYZER_NUMBER_OBJECT_CONVERSION = YES_AGGRESSIVE;
				CLANG_CXX_LANGUAGE_STANDARD = "gnu++14";
				CLANG_CXX_LIBRARY = "libc++";
				CLANG_ENABLE_MODULES = YES;
				CLANG_ENABLE_OBJC_ARC = YES;
				CLANG_ENABLE_OBJC_WEAK = YES;
				CLANG_WARN_BLOCK_CAPTURE_AUTORELEASING = YES;
				CLANG_WARN_BOOL_CONVERSION = YES;
				CLANG_WARN_COMMA = YES;
				CLANG_WARN_CONSTANT_CONVERSION = YES;
				CLANG_WARN_DEPRECATED_OBJC_IMPLEMENTATIONS = YES;
				CLANG_WARN_DIRECT_OBJC_ISA_USAGE = YES_ERROR;
				CLANG_WARN_DOCUMENTATION_COMMENTS = YES;
				CLANG_WARN_EMPTY_BODY = YES;
				CLANG_WARN_ENUM_CONVERSION = YES;
				CLANG_WARN_INFINITE_RECURSION = YES;
				CLANG_WARN_INT_CONVERSION = YES;
				CLANG_WARN_NON_LITERAL_NULL_CONVERSION = YES;
				CLANG_WARN_OBJC_IMPLICIT_RETAIN_SELF = YES;
				CLANG_WARN_OBJC_LITERAL_CONVERSION = YES;
				CLANG_WARN_OBJC_ROOT_CLASS = YES_ERROR;
				CLANG_WARN_RANGE_LOOP_ANALYSIS = YES;
				CLANG_WARN_STRICT_PROTOTYPES = YES;
				CLANG_WARN_SUSPICIOUS_MOVE = YES;
				CLANG_WARN_UNGUARDED_AVAILABILITY = YES_AGGRESSIVE;
				CLANG_WARN_UNREACHABLE_CODE = YES;
				CLANG_WARN__DUPLICATE_METHOD_MATCH = YES;
				CODE_SIGN_IDENTITY = "iPhone Developer";
				COPY_PHASE_STRIP = NO;
				DEBUG_INFORMATION_FORMAT = "dwarf-with-dsym";
				ENABLE_NS_ASSERTIONS = NO;
				ENABLE_STRICT_OBJC_MSGSEND = YES;
				GCC_C_LANGUAGE_STANDARD = gnu11;
				GCC_NO_COMMON_BLOCKS = YES;
				GCC_WARN_64_TO_32_BIT_CONVERSION = YES;
				GCC_WARN_ABOUT_RETURN_TYPE = YES_ERROR;
				GCC_WARN_UNDECLARED_SELECTOR = YES;
				GCC_WARN_UNINITIALIZED_AUTOS = YES_AGGRESSIVE;
				GCC_WARN_UNUSED_FUNCTION = YES;
				GCC_WARN_UNUSED_VARIABLE = YES;
				IPHONEOS_DEPLOYMENT_TARGET = 12.0;
				MTL_ENABLE_DEBUG_INFO = NO;
				MTL_FAST_MATH = YES;
				SDKROOT = iphoneos;
				SWIFT_COMPILATION_MODE = wholemodule;
				SWIFT_OPTIMIZATION_LEVEL = "-O";
				VALIDATE_PRODUCT = YES;
			};
			name = Release;
		};
		180B28A1216C90FC00D059C4 /* Debug */ = {
			isa = XCBuildConfiguration;
			buildSettings = {
				ASSETCATALOG_COMPILER_APPICON_NAME = AppIcon;
				CODE_SIGN_STYLE = Automatic;
				DEVELOPMENT_TEAM = 64K5VWNKN6;
				INFOPLIST_FILE = ToDoListCoreData/Info.plist;
				LD_RUNPATH_SEARCH_PATHS = (
					"$(inherited)",
					"@executable_path/Frameworks",
				);
				PRODUCT_BUNDLE_IDENTIFIER = com.gokhangokova.ToDoListCoreData;
				PRODUCT_NAME = "$(TARGET_NAME)";
				SWIFT_VERSION = 4.2;
				TARGETED_DEVICE_FAMILY = "1,2";
			};
			name = Debug;
		};
		180B28A2216C90FC00D059C4 /* Release */ = {
			isa = XCBuildConfiguration;
			buildSettings = {
				ASSETCATALOG_COMPILER_APPICON_NAME = AppIcon;
				CODE_SIGN_STYLE = Automatic;
				DEVELOPMENT_TEAM = 64K5VWNKN6;
				INFOPLIST_FILE = ToDoListCoreData/Info.plist;
				LD_RUNPATH_SEARCH_PATHS = (
					"$(inherited)",
					"@executable_path/Frameworks",
				);
				PRODUCT_BUNDLE_IDENTIFIER = com.gokhangokova.ToDoListCoreData;
				PRODUCT_NAME = "$(TARGET_NAME)";
				SWIFT_VERSION = 4.2;
				TARGETED_DEVICE_FAMILY = "1,2";
			};
			name = Release;
		};
/* End XCBuildConfiguration section */

/* Begin XCConfigurationList section */
		180B2886216C90FB00D059C4 /* Build configuration list for PBXProject "ToDoListCoreData" */ = {
			isa = XCConfigurationList;
			buildConfigurations = (
				180B289E216C90FC00D059C4 /* Debug */,
				180B289F216C90FC00D059C4 /* Release */,
			);
			defaultConfigurationIsVisible = 0;
			defaultConfigurationName = Release;
		};
		180B28A0216C90FC00D059C4 /* Build configuration list for PBXNativeTarget "ToDoListCoreData" */ = {
			isa = XCConfigurationList;
			buildConfigurations = (
				180B28A1216C90FC00D059C4 /* Debug */,
				180B28A2216C90FC00D059C4 /* Release */,
			);
			defaultConfigurationIsVisible = 0;
			defaultConfigurationName = Release;
		};
/* End XCConfigurationList section */

/* Begin XCVersionGroup section */
		180B2895216C90FB00D059C4 /* ToDoListCoreData.xcdatamodeld */ = {
			isa = XCVersionGroup;
			children = (
				180B2896216C90FB00D059C4 /* ToDoListCoreData.xcdatamodel */,
			);
			currentVersion = 180B2896216C90FB00D059C4 /* ToDoListCoreData.xcdatamodel */;
			path = ToDoListCoreData.xcdatamodeld;
			sourceTree = "<group>";
			versionGroupType = wrapper.xcdatamodel;
		};
/* End XCVersionGroup section */
	};
	rootObject = 180B2883216C90FB00D059C4 /* Project object */;
}
